
Microsoft Visual Studio Solution File, Format Version 12.00
# Visual Studio Version 17
VisualStudioVersion = 17.9.34902.65
MinimumVisualStudioVersion = 10.0.40219.1
Project("{9A19103F-16F7-4668-BE54-9A1E7A4F7556}") = "Spider_QAMS", "Spider_QAMS.csproj", "{E683B827-2E5B-4B48-A044-B1A90E8C74A8}"
EndProject
Global
	GlobalSection(SolutionConfigurationPlatforms) = preSolution
		Debug|Any CPU = Debug|Any CPU
		Release|Any CPU = Release|Any CPU
	EndGlobalSection
	GlobalSection(ProjectConfigurationPlatforms) = postSolution
		{E683B827-2E5B-4B48-A044-B1A90E8C74A8}.Debug|Any CPU.ActiveCfg = Debug|Any CPU
		{E683B827-2E5B-4B48-A044-B1A90E8C74A8}.Debug|Any CPU.Build.0 = Debug|Any CPU
		{E683B827-2E5B-4B48-A044-B1A90E8C74A8}.Release|Any CPU.ActiveCfg = Release|Any CPU
		{E683B827-2E5B-4B48-A044-B1A90E8C74A8}.Release|Any CPU.Build.0 = Release|Any CPU
	EndGlobalSection
	GlobalSection(SolutionProperties) = preSolution
		HideSolutionNode = FALSE
	EndGlobalSection
	GlobalSection(ExtensibilityGlobals) = postSolution
		SolutionGuid = {AA6250DF-8605-4063-A6D8-3A26CC7CBA10}
	EndGlobalSection
EndGlobal
